// !$*UTF8*$!
{
	archiveVersion = 1;
	classes = {
	};
	objectVersion = 56;
	objects = {

/* Begin PBXBuildFile section */
		62181E3D2B6DC9B400974876 /* InventoryFormView.swift in Sources */ = {isa = PBXBuildFile; fileRef = 62181E3C2B6DC9B400974876 /* InventoryFormView.swift */; };
		62181E402B6DCA6800974876 /* InventoryFormVM.swift in Sources */ = {isa = PBXBuildFile; fileRef = 62181E3F2B6DCA6800974876 /* InventoryFormVM.swift */; };
		62181E432B6DF9D800974876 /* InventoryListView.swift in Sources */ = {isa = PBXBuildFile; fileRef = 62181E422B6DF9D800974876 /* InventoryListView.swift */; };
		62181E4B2B6DFB8C00974876 /* FirebaseFirestore in Frameworks */ = {isa = PBXBuildFile; productRef = 62181E4A2B6DFB8C00974876 /* FirebaseFirestore */; };
		62181E4D2B6DFB8C00974876 /* FirebaseFirestoreSwift in Frameworks */ = {isa = PBXBuildFile; productRef = 62181E4C2B6DFB8C00974876 /* FirebaseFirestoreSwift */; };
		62181E4F2B6DFB8C00974876 /* FirebaseStorage in Frameworks */ = {isa = PBXBuildFile; productRef = 62181E4E2B6DFB8C00974876 /* FirebaseStorage */; };
		624721C72B6E0A4700E42968 /* NavigationVM.swift in Sources */ = {isa = PBXBuildFile; fileRef = 624721C62B6E0A4700E42968 /* NavigationVM.swift */; };
		624721CB2B6E0AF400E42968 /* InventoryItemView.swift in Sources */ = {isa = PBXBuildFile; fileRef = 624721CA2B6E0AF400E42968 /* InventoryItemView.swift */; };
		624721CD2B6E0B1100E42968 /* InventoryItemVM.swift in Sources */ = {isa = PBXBuildFile; fileRef = 624721CC2B6E0B1100E42968 /* InventoryItemVM.swift */; };
		624721CF2B6E106B00E42968 /* URL+Extension.swift in Sources */ = {isa = PBXBuildFile; fileRef = 624721CE2B6E106B00E42968 /* URL+Extension.swift */; };
		624721D12B71634F00E42968 /* USDZItemProvider.swift in Sources */ = {isa = PBXBuildFile; fileRef = 624721D02B71634F00E42968 /* USDZItemProvider.swift */; };
		624721D42B719E0A00E42968 /* USDZScanner in Frameworks */ = {isa = PBXBuildFile; productRef = 624721D32B719E0A00E42968 /* USDZScanner */; };
		62A953F62B6DB8510015DD65 /* InventoryTrackerApp.swift in Sources */ = {isa = PBXBuildFile; fileRef = 62A953F52B6DB8510015DD65 /* InventoryTrackerApp.swift */; };
		62A953F82B6DB8510015DD65 /* ContentView.swift in Sources */ = {isa = PBXBuildFile; fileRef = 62A953F72B6DB8510015DD65 /* ContentView.swift */; };
		62A953FA2B6DB8510015DD65 /* Item.swift in Sources */ = {isa = PBXBuildFile; fileRef = 62A953F92B6DB8510015DD65 /* Item.swift */; };
		62A953FC2B6DB8520015DD65 /* Assets.xcassets in Resources */ = {isa = PBXBuildFile; fileRef = 62A953FB2B6DB8520015DD65 /* Assets.xcassets */; };
		62A953FF2B6DB8520015DD65 /* Preview Assets.xcassets in Resources */ = {isa = PBXBuildFile; fileRef = 62A953FE2B6DB8520015DD65 /* Preview Assets.xcassets */; };
		62A954092B6DB8520015DD65 /* InventoryTrackerTests.swift in Sources */ = {isa = PBXBuildFile; fileRef = 62A954082B6DB8520015DD65 /* InventoryTrackerTests.swift */; };
		62A954132B6DB8520015DD65 /* InventoryTrackerUITests.swift in Sources */ = {isa = PBXBuildFile; fileRef = 62A954122B6DB8520015DD65 /* InventoryTrackerUITests.swift */; };
		62A954152B6DB8520015DD65 /* InventoryTrackerUITestsLaunchTests.swift in Sources */ = {isa = PBXBuildFile; fileRef = 62A954142B6DB8520015DD65 /* InventoryTrackerUITestsLaunchTests.swift */; };
		62A9542A2B6DB8810015DD65 /* RealityKitContent in Frameworks */ = {isa = PBXBuildFile; productRef = 62A954292B6DB8810015DD65 /* RealityKitContent */; };
		62A9542C2B6DB8810015DD65 /* InventoryTrackerVisionApp.swift in Sources */ = {isa = PBXBuildFile; fileRef = 62A9542B2B6DB8810015DD65 /* InventoryTrackerVisionApp.swift */; };
		62A954302B6DB8820015DD65 /* Assets.xcassets in Resources */ = {isa = PBXBuildFile; fileRef = 62A9542F2B6DB8820015DD65 /* Assets.xcassets */; };
		62A954332B6DB8820015DD65 /* Preview Assets.xcassets in Resources */ = {isa = PBXBuildFile; fileRef = 62A954322B6DB8820015DD65 /* Preview Assets.xcassets */; };
		62A9543E2B6DB8820015DD65 /* InventoryTrackerVisionTests.swift in Sources */ = {isa = PBXBuildFile; fileRef = 62A9543D2B6DB8820015DD65 /* InventoryTrackerVisionTests.swift */; };
		62A954482B6DB9AF0015DD65 /* FirebaseFirestore in Frameworks */ = {isa = PBXBuildFile; productRef = 62A954472B6DB9AF0015DD65 /* FirebaseFirestore */; };
		62A9544A2B6DB9D20015DD65 /* FirebaseStorage in Frameworks */ = {isa = PBXBuildFile; productRef = 62A954492B6DB9D20015DD65 /* FirebaseStorage */; };
		62A9544C2B6DB9D80015DD65 /* FirebaseFirestoreSwift in Frameworks */ = {isa = PBXBuildFile; productRef = 62A9544B2B6DB9D80015DD65 /* FirebaseFirestoreSwift */; };
		62A9545B2B6DBB9C0015DD65 /* GoogleService-Info.plist in Resources */ = {isa = PBXBuildFile; fileRef = 62A9545A2B6DBB9C0015DD65 /* GoogleService-Info.plist */; };
		62A9545D2B6DBBBB0015DD65 /* GoogleService-Info.plist in Resources */ = {isa = PBXBuildFile; fileRef = 62A9545C2B6DBBBB0015DD65 /* GoogleService-Info.plist */; };
		62A954632B6DBFCB0015DD65 /* AppDelegate.swift in Sources */ = {isa = PBXBuildFile; fileRef = 62A954622B6DBFCB0015DD65 /* AppDelegate.swift */; };
		62A954642B6DBFCB0015DD65 /* AppDelegate.swift in Sources */ = {isa = PBXBuildFile; fileRef = 62A954622B6DBFCB0015DD65 /* AppDelegate.swift */; };
		62A954672B6DC1C00015DD65 /* InventoryItem.swift in Sources */ = {isa = PBXBuildFile; fileRef = 62A954662B6DC1C00015DD65 /* InventoryItem.swift */; };
		62A954682B6DC1C00015DD65 /* InventoryItem.swift in Sources */ = {isa = PBXBuildFile; fileRef = 62A954662B6DC1C00015DD65 /* InventoryItem.swift */; };
		62A9546B2B6DC2E20015DD65 /* InvenotryListVM.swift in Sources */ = {isa = PBXBuildFile; fileRef = 62A9546A2B6DC2E20015DD65 /* InvenotryListVM.swift */; };
		62A9546C2B6DC2E20015DD65 /* InvenotryListVM.swift in Sources */ = {isa = PBXBuildFile; fileRef = 62A9546A2B6DC2E20015DD65 /* InvenotryListVM.swift */; };
		62A9546F2B6DC6260015DD65 /* String+Extension.swift in Sources */ = {isa = PBXBuildFile; fileRef = 62A9546E2B6DC6260015DD65 /* String+Extension.swift */; };
		62A954702B6DC6260015DD65 /* String+Extension.swift in Sources */ = {isa = PBXBuildFile; fileRef = 62A9546E2B6DC6260015DD65 /* String+Extension.swift */; };
		62A954732B6DC65A0015DD65 /* InvenotryListView.swift in Sources */ = {isa = PBXBuildFile; fileRef = 62A954722B6DC65A0015DD65 /* InvenotryListView.swift */; };
/* End PBXBuildFile section */

/* Begin PBXContainerItemProxy section */
		62A954052B6DB8520015DD65 /* PBXContainerItemProxy */ = {
			isa = PBXContainerItemProxy;
			containerPortal = 62A953EA2B6DB8510015DD65 /* Project object */;
			proxyType = 1;
			remoteGlobalIDString = 62A953F12B6DB8510015DD65;
			remoteInfo = InventoryTracker;
		};
		62A9540F2B6DB8520015DD65 /* PBXContainerItemProxy */ = {
			isa = PBXContainerItemProxy;
			containerPortal = 62A953EA2B6DB8510015DD65 /* Project object */;
			proxyType = 1;
			remoteGlobalIDString = 62A953F12B6DB8510015DD65;
			remoteInfo = InventoryTracker;
		};
		62A9543A2B6DB8820015DD65 /* PBXContainerItemProxy */ = {
			isa = PBXContainerItemProxy;
			containerPortal = 62A953EA2B6DB8510015DD65 /* Project object */;
			proxyType = 1;
			remoteGlobalIDString = 62A954242B6DB8810015DD65;
			remoteInfo = InventoryTrackerVision;
		};
/* End PBXContainerItemProxy section */

/* Begin PBXFileReference section */
		62181E3C2B6DC9B400974876 /* InventoryFormView.swift */ = {isa = PBXFileReference; lastKnownFileType = sourcecode.swift; path = InventoryFormView.swift; sourceTree = "<group>"; };
		62181E3F2B6DCA6800974876 /* InventoryFormVM.swift */ = {isa = PBXFileReference; lastKnownFileType = sourcecode.swift; path = InventoryFormVM.swift; sourceTree = "<group>"; };
		62181E422B6DF9D800974876 /* InventoryListView.swift */ = {isa = PBXFileReference; lastKnownFileType = sourcecode.swift; path = InventoryListView.swift; sourceTree = "<group>"; };
		624721C62B6E0A4700E42968 /* NavigationVM.swift */ = {isa = PBXFileReference; lastKnownFileType = sourcecode.swift; path = NavigationVM.swift; sourceTree = "<group>"; };
		624721CA2B6E0AF400E42968 /* InventoryItemView.swift */ = {isa = PBXFileReference; lastKnownFileType = sourcecode.swift; path = InventoryItemView.swift; sourceTree = "<group>"; };
		624721CC2B6E0B1100E42968 /* InventoryItemVM.swift */ = {isa = PBXFileReference; lastKnownFileType = sourcecode.swift; path = InventoryItemVM.swift; sourceTree = "<group>"; };
		624721CE2B6E106B00E42968 /* URL+Extension.swift */ = {isa = PBXFileReference; lastKnownFileType = sourcecode.swift; path = "URL+Extension.swift"; sourceTree = "<group>"; };
		624721D02B71634F00E42968 /* USDZItemProvider.swift */ = {isa = PBXFileReference; lastKnownFileType = sourcecode.swift; path = USDZItemProvider.swift; sourceTree = "<group>"; };
		62A953F22B6DB8510015DD65 /* InventoryTracker.app */ = {isa = PBXFileReference; explicitFileType = wrapper.application; includeInIndex = 0; path = InventoryTracker.app; sourceTree = BUILT_PRODUCTS_DIR; };
		62A953F52B6DB8510015DD65 /* InventoryTrackerApp.swift */ = {isa = PBXFileReference; lastKnownFileType = sourcecode.swift; path = InventoryTrackerApp.swift; sourceTree = "<group>"; };
		62A953F72B6DB8510015DD65 /* ContentView.swift */ = {isa = PBXFileReference; lastKnownFileType = sourcecode.swift; path = ContentView.swift; sourceTree = "<group>"; };
		62A953F92B6DB8510015DD65 /* Item.swift */ = {isa = PBXFileReference; lastKnownFileType = sourcecode.swift; path = Item.swift; sourceTree = "<group>"; };
		62A953FB2B6DB8520015DD65 /* Assets.xcassets */ = {isa = PBXFileReference; lastKnownFileType = folder.assetcatalog; path = Assets.xcassets; sourceTree = "<group>"; };
		62A953FE2B6DB8520015DD65 /* Preview Assets.xcassets */ = {isa = PBXFileReference; lastKnownFileType = folder.assetcatalog; path = "Preview Assets.xcassets"; sourceTree = "<group>"; };
		62A954042B6DB8520015DD65 /* InventoryTrackerTests.xctest */ = {isa = PBXFileReference; explicitFileType = wrapper.cfbundle; includeInIndex = 0; path = InventoryTrackerTests.xctest; sourceTree = BUILT_PRODUCTS_DIR; };
		62A954082B6DB8520015DD65 /* InventoryTrackerTests.swift */ = {isa = PBXFileReference; lastKnownFileType = sourcecode.swift; path = InventoryTrackerTests.swift; sourceTree = "<group>"; };
		62A9540E2B6DB8520015DD65 /* InventoryTrackerUITests.xctest */ = {isa = PBXFileReference; explicitFileType = wrapper.cfbundle; includeInIndex = 0; path = InventoryTrackerUITests.xctest; sourceTree = BUILT_PRODUCTS_DIR; };
		62A954122B6DB8520015DD65 /* InventoryTrackerUITests.swift */ = {isa = PBXFileReference; lastKnownFileType = sourcecode.swift; path = InventoryTrackerUITests.swift; sourceTree = "<group>"; };
		62A954142B6DB8520015DD65 /* InventoryTrackerUITestsLaunchTests.swift */ = {isa = PBXFileReference; lastKnownFileType = sourcecode.swift; path = InventoryTrackerUITestsLaunchTests.swift; sourceTree = "<group>"; };
		62A954252B6DB8810015DD65 /* InventoryTrackerVision.app */ = {isa = PBXFileReference; explicitFileType = wrapper.application; includeInIndex = 0; path = InventoryTrackerVision.app; sourceTree = BUILT_PRODUCTS_DIR; };
		62A954282B6DB8810015DD65 /* RealityKitContent */ = {isa = PBXFileReference; lastKnownFileType = wrapper; path = RealityKitContent; sourceTree = "<group>"; };
		62A9542B2B6DB8810015DD65 /* InventoryTrackerVisionApp.swift */ = {isa = PBXFileReference; lastKnownFileType = sourcecode.swift; path = InventoryTrackerVisionApp.swift; sourceTree = "<group>"; };
		62A9542F2B6DB8820015DD65 /* Assets.xcassets */ = {isa = PBXFileReference; lastKnownFileType = folder.assetcatalog; path = Assets.xcassets; sourceTree = "<group>"; };
		62A954322B6DB8820015DD65 /* Preview Assets.xcassets */ = {isa = PBXFileReference; lastKnownFileType = folder.assetcatalog; path = "Preview Assets.xcassets"; sourceTree = "<group>"; };
		62A954342B6DB8820015DD65 /* Info.plist */ = {isa = PBXFileReference; lastKnownFileType = text.plist.xml; path = Info.plist; sourceTree = "<group>"; };
		62A954392B6DB8820015DD65 /* InventoryTrackerVisionTests.xctest */ = {isa = PBXFileReference; explicitFileType = wrapper.cfbundle; includeInIndex = 0; path = InventoryTrackerVisionTests.xctest; sourceTree = BUILT_PRODUCTS_DIR; };
		62A9543D2B6DB8820015DD65 /* InventoryTrackerVisionTests.swift */ = {isa = PBXFileReference; lastKnownFileType = sourcecode.swift; path = InventoryTrackerVisionTests.swift; sourceTree = "<group>"; };
		62A9545A2B6DBB9C0015DD65 /* GoogleService-Info.plist */ = {isa = PBXFileReference; fileEncoding = 4; lastKnownFileType = text.plist.xml; path = "GoogleService-Info.plist"; sourceTree = "<group>"; };
		62A9545C2B6DBBBB0015DD65 /* GoogleService-Info.plist */ = {isa = PBXFileReference; fileEncoding = 4; lastKnownFileType = text.plist.xml; path = "GoogleService-Info.plist"; sourceTree = "<group>"; };
		62A9545E2B6DBF3E0015DD65 /* Info.plist */ = {isa = PBXFileReference; lastKnownFileType = text.plist; path = Info.plist; sourceTree = "<group>"; };
		62A954622B6DBFCB0015DD65 /* AppDelegate.swift */ = {isa = PBXFileReference; lastKnownFileType = sourcecode.swift; path = AppDelegate.swift; sourceTree = "<group>"; };
		62A954662B6DC1C00015DD65 /* InventoryItem.swift */ = {isa = PBXFileReference; lastKnownFileType = sourcecode.swift; path = InventoryItem.swift; sourceTree = "<group>"; };
		62A9546A2B6DC2E20015DD65 /* InvenotryListVM.swift */ = {isa = PBXFileReference; lastKnownFileType = sourcecode.swift; path = InvenotryListVM.swift; sourceTree = "<group>"; };
		62A9546E2B6DC6260015DD65 /* String+Extension.swift */ = {isa = PBXFileReference; lastKnownFileType = sourcecode.swift; path = "String+Extension.swift"; sourceTree = "<group>"; };
		62A954722B6DC65A0015DD65 /* InvenotryListView.swift */ = {isa = PBXFileReference; lastKnownFileType = sourcecode.swift; path = InvenotryListView.swift; sourceTree = "<group>"; };
/* End PBXFileReference section */

/* Begin PBXFrameworksBuildPhase section */
		62A953EF2B6DB8510015DD65 /* Frameworks */ = {
			isa = PBXFrameworksBuildPhase;
			buildActionMask = 2147483647;
			files = (
				62A954482B6DB9AF0015DD65 /* FirebaseFirestore in Frameworks */,
				62A9544A2B6DB9D20015DD65 /* FirebaseStorage in Frameworks */,
				62A9544C2B6DB9D80015DD65 /* FirebaseFirestoreSwift in Frameworks */,
				624721D42B719E0A00E42968 /* USDZScanner in Frameworks */,
			);
			runOnlyForDeploymentPostprocessing = 0;
		};
		62A954012B6DB8520015DD65 /* Frameworks */ = {
			isa = PBXFrameworksBuildPhase;
			buildActionMask = 2147483647;
			files = (
			);
			runOnlyForDeploymentPostprocessing = 0;
		};
		62A9540B2B6DB8520015DD65 /* Frameworks */ = {
			isa = PBXFrameworksBuildPhase;
			buildActionMask = 2147483647;
			files = (
			);
			runOnlyForDeploymentPostprocessing = 0;
		};
		62A954222B6DB8810015DD65 /* Frameworks */ = {
			isa = PBXFrameworksBuildPhase;
			buildActionMask = 2147483647;
			files = (
				62A9542A2B6DB8810015DD65 /* RealityKitContent in Frameworks */,
				62181E4F2B6DFB8C00974876 /* FirebaseStorage in Frameworks */,
				62181E4B2B6DFB8C00974876 /* FirebaseFirestore in Frameworks */,
				62181E4D2B6DFB8C00974876 /* FirebaseFirestoreSwift in Frameworks */,
			);
			runOnlyForDeploymentPostprocessing = 0;
		};
		62A954362B6DB8820015DD65 /* Frameworks */ = {
			isa = PBXFrameworksBuildPhase;
			buildActionMask = 2147483647;
			files = (
			);
			runOnlyForDeploymentPostprocessing = 0;
		};
/* End PBXFrameworksBuildPhase section */

/* Begin PBXGroup section */
		62181E3E2B6DCA5500974876 /* Observables */ = {
			isa = PBXGroup;
			children = (
				62181E3F2B6DCA6800974876 /* InventoryFormVM.swift */,
			);
			path = Observables;
			sourceTree = "<group>";
		};
		62181E412B6DF9CB00974876 /* Views */ = {
			isa = PBXGroup;
			children = (
				62181E422B6DF9D800974876 /* InventoryListView.swift */,
				624721CA2B6E0AF400E42968 /* InventoryItemView.swift */,
			);
			path = Views;
			sourceTree = "<group>";
		};
		624721C52B6E0A3500E42968 /* Observables */ = {
			isa = PBXGroup;
			children = (
				624721C62B6E0A4700E42968 /* NavigationVM.swift */,
				624721CC2B6E0B1100E42968 /* InventoryItemVM.swift */,
			);
			path = Observables;
			sourceTree = "<group>";
		};
		62A953E92B6DB8510015DD65 = {
			isa = PBXGroup;
			children = (
				62A9545F2B6DBFA80015DD65 /* Shared */,
				62A953F42B6DB8510015DD65 /* InventoryTracker */,
				62A954262B6DB8810015DD65 /* InventoryTrackerVision */,
				62A954072B6DB8520015DD65 /* InventoryTrackerTests */,
				62A954112B6DB8520015DD65 /* InventoryTrackerUITests */,
				62A954272B6DB8810015DD65 /* Packages */,
				62A9543C2B6DB8820015DD65 /* InventoryTrackerVisionTests */,
				62A953F32B6DB8510015DD65 /* Products */,
				62A954462B6DB9AF0015DD65 /* Frameworks */,
			);
			sourceTree = "<group>";
		};
		62A953F32B6DB8510015DD65 /* Products */ = {
			isa = PBXGroup;
			children = (
				62A953F22B6DB8510015DD65 /* InventoryTracker.app */,
				62A954042B6DB8520015DD65 /* InventoryTrackerTests.xctest */,
				62A9540E2B6DB8520015DD65 /* InventoryTrackerUITests.xctest */,
				62A954252B6DB8810015DD65 /* InventoryTrackerVision.app */,
				62A954392B6DB8820015DD65 /* InventoryTrackerVisionTests.xctest */,
			);
			name = Products;
			sourceTree = "<group>";
		};
		62A953F42B6DB8510015DD65 /* InventoryTracker */ = {
			isa = PBXGroup;
			children = (
				62181E3E2B6DCA5500974876 /* Observables */,
				62A954712B6DC6510015DD65 /* Views */,
				62A9545E2B6DBF3E0015DD65 /* Info.plist */,
				62A9545A2B6DBB9C0015DD65 /* GoogleService-Info.plist */,
				62A953F52B6DB8510015DD65 /* InventoryTrackerApp.swift */,
				62A953F72B6DB8510015DD65 /* ContentView.swift */,
				62A953F92B6DB8510015DD65 /* Item.swift */,
				62A953FB2B6DB8520015DD65 /* Assets.xcassets */,
				62A953FD2B6DB8520015DD65 /* Preview Content */,
			);
			path = InventoryTracker;
			sourceTree = "<group>";
		};
		62A953FD2B6DB8520015DD65 /* Preview Content */ = {
			isa = PBXGroup;
			children = (
				62A953FE2B6DB8520015DD65 /* Preview Assets.xcassets */,
			);
			path = "Preview Content";
			sourceTree = "<group>";
		};
		62A954072B6DB8520015DD65 /* InventoryTrackerTests */ = {
			isa = PBXGroup;
			children = (
				62A954082B6DB8520015DD65 /* InventoryTrackerTests.swift */,
			);
			path = InventoryTrackerTests;
			sourceTree = "<group>";
		};
		62A954112B6DB8520015DD65 /* InventoryTrackerUITests */ = {
			isa = PBXGroup;
			children = (
				62A954122B6DB8520015DD65 /* InventoryTrackerUITests.swift */,
				62A954142B6DB8520015DD65 /* InventoryTrackerUITestsLaunchTests.swift */,
			);
			path = InventoryTrackerUITests;
			sourceTree = "<group>";
		};
		62A954262B6DB8810015DD65 /* InventoryTrackerVision */ = {
			isa = PBXGroup;
			children = (
				624721C52B6E0A3500E42968 /* Observables */,
				62181E412B6DF9CB00974876 /* Views */,
				62A9545C2B6DBBBB0015DD65 /* GoogleService-Info.plist */,
				62A9542F2B6DB8820015DD65 /* Assets.xcassets */,
				62A954342B6DB8820015DD65 /* Info.plist */,
				62A954312B6DB8820015DD65 /* Preview Content */,
				624721CE2B6E106B00E42968 /* URL+Extension.swift */,
				624721D02B71634F00E42968 /* USDZItemProvider.swift */,
				62A9542B2B6DB8810015DD65 /* InventoryTrackerVisionApp.swift */,
			);
			path = InventoryTrackerVision;
			sourceTree = "<group>";
		};
		62A954272B6DB8810015DD65 /* Packages */ = {
			isa = PBXGroup;
			children = (
				62A954282B6DB8810015DD65 /* RealityKitContent */,
			);
			path = Packages;
			sourceTree = "<group>";
		};
		62A954312B6DB8820015DD65 /* Preview Content */ = {
			isa = PBXGroup;
			children = (
				62A954322B6DB8820015DD65 /* Preview Assets.xcassets */,
			);
			path = "Preview Content";
			sourceTree = "<group>";
		};
		62A9543C2B6DB8820015DD65 /* InventoryTrackerVisionTests */ = {
			isa = PBXGroup;
			children = (
				62A9543D2B6DB8820015DD65 /* InventoryTrackerVisionTests.swift */,
			);
			path = InventoryTrackerVisionTests;
			sourceTree = "<group>";
		};
		62A954462B6DB9AF0015DD65 /* Frameworks */ = {
			isa = PBXGroup;
			children = (
			);
			name = Frameworks;
			sourceTree = "<group>";
		};
		62A9545F2B6DBFA80015DD65 /* Shared */ = {
			isa = PBXGroup;
			children = (
				62A9546D2B6DC6170015DD65 /* New Group */,
				62A954692B6DC2CF0015DD65 /* Observables */,
				62A954652B6DC1AB0015DD65 /* Models */,
				62A954622B6DBFCB0015DD65 /* AppDelegate.swift */,
				62A9546E2B6DC6260015DD65 /* String+Extension.swift */,
			);
			path = Shared;
			sourceTree = "<group>";
		};
		62A954652B6DC1AB0015DD65 /* Models */ = {
			isa = PBXGroup;
			children = (
				62A954662B6DC1C00015DD65 /* InventoryItem.swift */,
			);
			path = Models;
			sourceTree = "<group>";
		};
		62A954692B6DC2CF0015DD65 /* Observables */ = {
			isa = PBXGroup;
			children = (
				62A9546A2B6DC2E20015DD65 /* InvenotryListVM.swift */,
			);
			path = Observables;
			sourceTree = "<group>";
		};
		62A9546D2B6DC6170015DD65 /* New Group */ = {
			isa = PBXGroup;
			children = (
			);
			path = "New Group";
			sourceTree = "<group>";
		};
		62A954712B6DC6510015DD65 /* Views */ = {
			isa = PBXGroup;
			children = (
				62A954722B6DC65A0015DD65 /* InvenotryListView.swift */,
				62181E3C2B6DC9B400974876 /* InventoryFormView.swift */,
			);
			path = Views;
			sourceTree = "<group>";
		};
/* End PBXGroup section */

/* Begin PBXNativeTarget section */
		62A953F12B6DB8510015DD65 /* InventoryTracker */ = {
			isa = PBXNativeTarget;
			buildConfigurationList = 62A954182B6DB8520015DD65 /* Build configuration list for PBXNativeTarget "InventoryTracker" */;
			buildPhases = (
				62A953EE2B6DB8510015DD65 /* Sources */,
				62A953EF2B6DB8510015DD65 /* Frameworks */,
				62A953F02B6DB8510015DD65 /* Resources */,
			);
			buildRules = (
			);
			dependencies = (
			);
			name = InventoryTracker;
			packageProductDependencies = (
				62A954472B6DB9AF0015DD65 /* FirebaseFirestore */,
				62A954492B6DB9D20015DD65 /* FirebaseStorage */,
				62A9544B2B6DB9D80015DD65 /* FirebaseFirestoreSwift */,
				624721D32B719E0A00E42968 /* USDZScanner */,
			);
			productName = InventoryTracker;
			productReference = 62A953F22B6DB8510015DD65 /* InventoryTracker.app */;
			productType = "com.apple.product-type.application";
		};
		62A954032B6DB8520015DD65 /* InventoryTrackerTests */ = {
			isa = PBXNativeTarget;
			buildConfigurationList = 62A9541B2B6DB8520015DD65 /* Build configuration list for PBXNativeTarget "InventoryTrackerTests" */;
			buildPhases = (
				62A954002B6DB8520015DD65 /* Sources */,
				62A954012B6DB8520015DD65 /* Frameworks */,
				62A954022B6DB8520015DD65 /* Resources */,
			);
			buildRules = (
			);
			dependencies = (
				62A954062B6DB8520015DD65 /* PBXTargetDependency */,
			);
			name = InventoryTrackerTests;
			productName = InventoryTrackerTests;
			productReference = 62A954042B6DB8520015DD65 /* InventoryTrackerTests.xctest */;
			productType = "com.apple.product-type.bundle.unit-test";
		};
		62A9540D2B6DB8520015DD65 /* InventoryTrackerUITests */ = {
			isa = PBXNativeTarget;
			buildConfigurationList = 62A9541E2B6DB8520015DD65 /* Build configuration list for PBXNativeTarget "InventoryTrackerUITests" */;
			buildPhases = (
				62A9540A2B6DB8520015DD65 /* Sources */,
				62A9540B2B6DB8520015DD65 /* Frameworks */,
				62A9540C2B6DB8520015DD65 /* Resources */,
			);
			buildRules = (
			);
			dependencies = (
				62A954102B6DB8520015DD65 /* PBXTargetDependency */,
			);
			name = InventoryTrackerUITests;
			productName = InventoryTrackerUITests;
			productReference = 62A9540E2B6DB8520015DD65 /* InventoryTrackerUITests.xctest */;
			productType = "com.apple.product-type.bundle.ui-testing";
		};
		62A954242B6DB8810015DD65 /* InventoryTrackerVision */ = {
			isa = PBXNativeTarget;
			buildConfigurationList = 62A9543F2B6DB8820015DD65 /* Build configuration list for PBXNativeTarget "InventoryTrackerVision" */;
			buildPhases = (
				62A954212B6DB8810015DD65 /* Sources */,
				62A954222B6DB8810015DD65 /* Frameworks */,
				62A954232B6DB8810015DD65 /* Resources */,
			);
			buildRules = (
			);
			dependencies = (
			);
			name = InventoryTrackerVision;
			packageProductDependencies = (
				62A954292B6DB8810015DD65 /* RealityKitContent */,
				62181E4A2B6DFB8C00974876 /* FirebaseFirestore */,
				62181E4C2B6DFB8C00974876 /* FirebaseFirestoreSwift */,
				62181E4E2B6DFB8C00974876 /* FirebaseStorage */,
			);
			productName = InventoryTrackerVision;
			productReference = 62A954252B6DB8810015DD65 /* InventoryTrackerVision.app */;
			productType = "com.apple.product-type.application";
		};
		62A954382B6DB8820015DD65 /* InventoryTrackerVisionTests */ = {
			isa = PBXNativeTarget;
			buildConfigurationList = 62A954422B6DB8820015DD65 /* Build configuration list for PBXNativeTarget "InventoryTrackerVisionTests" */;
			buildPhases = (
				62A954352B6DB8820015DD65 /* Sources */,
				62A954362B6DB8820015DD65 /* Frameworks */,
				62A954372B6DB8820015DD65 /* Resources */,
			);
			buildRules = (
			);
			dependencies = (
				62A9543B2B6DB8820015DD65 /* PBXTargetDependency */,
			);
			name = InventoryTrackerVisionTests;
			productName = InventoryTrackerVisionTests;
			productReference = 62A954392B6DB8820015DD65 /* InventoryTrackerVisionTests.xctest */;
			productType = "com.apple.product-type.bundle.unit-test";
		};
/* End PBXNativeTarget section */

/* Begin PBXProject section */
		62A953EA2B6DB8510015DD65 /* Project object */ = {
			isa = PBXProject;
			attributes = {
				BuildIndependentTargetsInParallel = 1;
				LastSwiftUpdateCheck = 1520;
				LastUpgradeCheck = 1520;
				TargetAttributes = {
					62A953F12B6DB8510015DD65 = {
						CreatedOnToolsVersion = 15.2;
					};
					62A954032B6DB8520015DD65 = {
						CreatedOnToolsVersion = 15.2;
						TestTargetID = 62A953F12B6DB8510015DD65;
					};
					62A9540D2B6DB8520015DD65 = {
						CreatedOnToolsVersion = 15.2;
						TestTargetID = 62A953F12B6DB8510015DD65;
					};
					62A954242B6DB8810015DD65 = {
						CreatedOnToolsVersion = 15.2;
					};
					62A954382B6DB8820015DD65 = {
						CreatedOnToolsVersion = 15.2;
						TestTargetID = 62A954242B6DB8810015DD65;
					};
				};
			};
			buildConfigurationList = 62A953ED2B6DB8510015DD65 /* Build configuration list for PBXProject "InventoryTracker" */;
			compatibilityVersion = "Xcode 14.0";
			developmentRegion = en;
			hasScannedForEncodings = 0;
			knownRegions = (
				en,
				Base,
			);
			mainGroup = 62A953E92B6DB8510015DD65;
			packageReferences = (
				62A954452B6DB98C0015DD65 /* XCRemoteSwiftPackageReference "firebase-ios-sdk" */,
				624721D22B719E0A00E42968 /* XCRemoteSwiftPackageReference "USDZScanner" */,
			);
			productRefGroup = 62A953F32B6DB8510015DD65 /* Products */;
			projectDirPath = "";
			projectRoot = "";
			targets = (
				62A953F12B6DB8510015DD65 /* InventoryTracker */,
				62A954242B6DB8810015DD65 /* InventoryTrackerVision */,
				62A954032B6DB8520015DD65 /* InventoryTrackerTests */,
				62A9540D2B6DB8520015DD65 /* InventoryTrackerUITests */,
				62A954382B6DB8820015DD65 /* InventoryTrackerVisionTests */,
			);
		};
/* End PBXProject section */

/* Begin PBXResourcesBuildPhase section */
		62A953F02B6DB8510015DD65 /* Resources */ = {
			isa = PBXResourcesBuildPhase;
			buildActionMask = 2147483647;
			files = (
				62A953FF2B6DB8520015DD65 /* Preview Assets.xcassets in Resources */,
				62A953FC2B6DB8520015DD65 /* Assets.xcassets in Resources */,
				62A9545B2B6DBB9C0015DD65 /* GoogleService-Info.plist in Resources */,
			);
			runOnlyForDeploymentPostprocessing = 0;
		};
		62A954022B6DB8520015DD65 /* Resources */ = {
			isa = PBXResourcesBuildPhase;
			buildActionMask = 2147483647;
			files = (
			);
			runOnlyForDeploymentPostprocessing = 0;
		};
		62A9540C2B6DB8520015DD65 /* Resources */ = {
			isa = PBXResourcesBuildPhase;
			buildActionMask = 2147483647;
			files = (
			);
			runOnlyForDeploymentPostprocessing = 0;
		};
		62A954232B6DB8810015DD65 /* Resources */ = {
			isa = PBXResourcesBuildPhase;
			buildActionMask = 2147483647;
			files = (
				62A954332B6DB8820015DD65 /* Preview Assets.xcassets in Resources */,
				62A954302B6DB8820015DD65 /* Assets.xcassets in Resources */,
				62A9545D2B6DBBBB0015DD65 /* GoogleService-Info.plist in Resources */,
			);
			runOnlyForDeploymentPostprocessing = 0;
		};
		62A954372B6DB8820015DD65 /* Resources */ = {
			isa = PBXResourcesBuildPhase;
			buildActionMask = 2147483647;
			files = (
			);
			runOnlyForDeploymentPostprocessing = 0;
		};
/* End PBXResourcesBuildPhase section */

/* Begin PBXSourcesBuildPhase section */
		62A953EE2B6DB8510015DD65 /* Sources */ = {
			isa = PBXSourcesBuildPhase;
			buildActionMask = 2147483647;
			files = (
				62A954672B6DC1C00015DD65 /* InventoryItem.swift in Sources */,
				62181E402B6DCA6800974876 /* InventoryFormVM.swift in Sources */,
				62A9546F2B6DC6260015DD65 /* String+Extension.swift in Sources */,
				62A954732B6DC65A0015DD65 /* InvenotryListView.swift in Sources */,
				62A954632B6DBFCB0015DD65 /* AppDelegate.swift in Sources */,
				62A953F82B6DB8510015DD65 /* ContentView.swift in Sources */,
				62A9546B2B6DC2E20015DD65 /* InvenotryListVM.swift in Sources */,
				62181E3D2B6DC9B400974876 /* InventoryFormView.swift in Sources */,
				62A953FA2B6DB8510015DD65 /* Item.swift in Sources */,
				62A953F62B6DB8510015DD65 /* InventoryTrackerApp.swift in Sources */,
			);
			runOnlyForDeploymentPostprocessing = 0;
		};
		62A954002B6DB8520015DD65 /* Sources */ = {
			isa = PBXSourcesBuildPhase;
			buildActionMask = 2147483647;
			files = (
				62A954092B6DB8520015DD65 /* InventoryTrackerTests.swift in Sources */,
			);
			runOnlyForDeploymentPostprocessing = 0;
		};
		62A9540A2B6DB8520015DD65 /* Sources */ = {
			isa = PBXSourcesBuildPhase;
			buildActionMask = 2147483647;
			files = (
				62A954152B6DB8520015DD65 /* InventoryTrackerUITestsLaunchTests.swift in Sources */,
				62A954132B6DB8520015DD65 /* InventoryTrackerUITests.swift in Sources */,
			);
			runOnlyForDeploymentPostprocessing = 0;
		};
		62A954212B6DB8810015DD65 /* Sources */ = {
			isa = PBXSourcesBuildPhase;
			buildActionMask = 2147483647;
			files = (
				62A954642B6DBFCB0015DD65 /* AppDelegate.swift in Sources */,
				62A9542C2B6DB8810015DD65 /* InventoryTrackerVisionApp.swift in Sources */,
				624721CB2B6E0AF400E42968 /* InventoryItemView.swift in Sources */,
				624721CF2B6E106B00E42968 /* URL+Extension.swift in Sources */,
				62A954682B6DC1C00015DD65 /* InventoryItem.swift in Sources */,
				624721CD2B6E0B1100E42968 /* InventoryItemVM.swift in Sources */,
				62A954702B6DC6260015DD65 /* String+Extension.swift in Sources */,
				624721D12B71634F00E42968 /* USDZItemProvider.swift in Sources */,
				62A9546C2B6DC2E20015DD65 /* InvenotryListVM.swift in Sources */,
				62181E432B6DF9D800974876 /* InventoryListView.swift in Sources */,
				624721C72B6E0A4700E42968 /* NavigationVM.swift in Sources */,
			);
			runOnlyForDeploymentPostprocessing = 0;
		};
		62A954352B6DB8820015DD65 /* Sources */ = {
			isa = PBXSourcesBuildPhase;
			buildActionMask = 2147483647;
			files = (
				62A9543E2B6DB8820015DD65 /* InventoryTrackerVisionTests.swift in Sources */,
			);
			runOnlyForDeploymentPostprocessing = 0;
		};
/* End PBXSourcesBuildPhase section */

/* Begin PBXTargetDependency section */
		62A954062B6DB8520015DD65 /* PBXTargetDependency */ = {
			isa = PBXTargetDependency;
			target = 62A953F12B6DB8510015DD65 /* InventoryTracker */;
			targetProxy = 62A954052B6DB8520015DD65 /* PBXContainerItemProxy */;
		};
		62A954102B6DB8520015DD65 /* PBXTargetDependency */ = {
			isa = PBXTargetDependency;
			target = 62A953F12B6DB8510015DD65 /* InventoryTracker */;
			targetProxy = 62A9540F2B6DB8520015DD65 /* PBXContainerItemProxy */;
		};
		62A9543B2B6DB8820015DD65 /* PBXTargetDependency */ = {
			isa = PBXTargetDependency;
			target = 62A954242B6DB8810015DD65 /* InventoryTrackerVision */;
			targetProxy = 62A9543A2B6DB8820015DD65 /* PBXContainerItemProxy */;
		};
/* End PBXTargetDependency section */

/* Begin XCBuildConfiguration section */
		62A954162B6DB8520015DD65 /* Debug */ = {
			isa = XCBuildConfiguration;
			buildSettings = {
				ALWAYS_SEARCH_USER_PATHS = NO;
				ASSETCATALOG_COMPILER_GENERATE_SWIFT_ASSET_SYMBOL_EXTENSIONS = YES;
				CLANG_ANALYZER_NONNULL = YES;
				CLANG_ANALYZER_NUMBER_OBJECT_CONVERSION = YES_AGGRESSIVE;
				CLANG_CXX_LANGUAGE_STANDARD = "gnu++20";
				CLANG_ENABLE_MODULES = YES;
				CLANG_ENABLE_OBJC_ARC = YES;
				CLANG_ENABLE_OBJC_WEAK = YES;
				CLANG_WARN_BLOCK_CAPTURE_AUTORELEASING = YES;
				CLANG_WARN_BOOL_CONVERSION = YES;
				CLANG_WARN_COMMA = YES;
				CLANG_WARN_CONSTANT_CONVERSION = YES;
				CLANG_WARN_DEPRECATED_OBJC_IMPLEMENTATIONS = YES;
				CLANG_WARN_DIRECT_OBJC_ISA_USAGE = YES_ERROR;
				CLANG_WARN_DOCUMENTATION_COMMENTS = YES;
				CLANG_WARN_EMPTY_BODY = YES;
				CLANG_WARN_ENUM_CONVERSION = YES;
				CLANG_WARN_INFINITE_RECURSION = YES;
				CLANG_WARN_INT_CONVERSION = YES;
				CLANG_WARN_NON_LITERAL_NULL_CONVERSION = YES;
				CLANG_WARN_OBJC_IMPLICIT_RETAIN_SELF = YES;
				CLANG_WARN_OBJC_LITERAL_CONVERSION = YES;
				CLANG_WARN_OBJC_ROOT_CLASS = YES_ERROR;
				CLANG_WARN_QUOTED_INCLUDE_IN_FRAMEWORK_HEADER = YES;
				CLANG_WARN_RANGE_LOOP_ANALYSIS = YES;
				CLANG_WARN_STRICT_PROTOTYPES = YES;
				CLANG_WARN_SUSPICIOUS_MOVE = YES;
				CLANG_WARN_UNGUARDED_AVAILABILITY = YES_AGGRESSIVE;
				CLANG_WARN_UNREACHABLE_CODE = YES;
				CLANG_WARN__DUPLICATE_METHOD_MATCH = YES;
				COPY_PHASE_STRIP = NO;
				DEBUG_INFORMATION_FORMAT = dwarf;
				ENABLE_STRICT_OBJC_MSGSEND = YES;
				ENABLE_TESTABILITY = YES;
				ENABLE_USER_SCRIPT_SANDBOXING = YES;
				GCC_C_LANGUAGE_STANDARD = gnu17;
				GCC_DYNAMIC_NO_PIC = NO;
				GCC_NO_COMMON_BLOCKS = YES;
				GCC_OPTIMIZATION_LEVEL = 0;
				GCC_PREPROCESSOR_DEFINITIONS = (
					"DEBUG=1",
					"$(inherited)",
				);
				GCC_WARN_64_TO_32_BIT_CONVERSION = YES;
				GCC_WARN_ABOUT_RETURN_TYPE = YES_ERROR;
				GCC_WARN_UNDECLARED_SELECTOR = YES;
				GCC_WARN_UNINITIALIZED_AUTOS = YES_AGGRESSIVE;
				GCC_WARN_UNUSED_FUNCTION = YES;
				GCC_WARN_UNUSED_VARIABLE = YES;
				IPHONEOS_DEPLOYMENT_TARGET = 17.0;
				LOCALIZATION_PREFERS_STRING_CATALOGS = YES;
				MTL_ENABLE_DEBUG_INFO = INCLUDE_SOURCE;
				MTL_FAST_MATH = YES;
				ONLY_ACTIVE_ARCH = YES;
				SDKROOT = iphoneos;
				SWIFT_ACTIVE_COMPILATION_CONDITIONS = "DEBUG $(inherited)";
				SWIFT_OPTIMIZATION_LEVEL = "-Onone";
			};
			name = Debug;
		};
		62A954172B6DB8520015DD65 /* Release */ = {
			isa = XCBuildConfiguration;
			buildSettings = {
				ALWAYS_SEARCH_USER_PATHS = NO;
				ASSETCATALOG_COMPILER_GENERATE_SWIFT_ASSET_SYMBOL_EXTENSIONS = YES;
				CLANG_ANALYZER_NONNULL = YES;
				CLANG_ANALYZER_NUMBER_OBJECT_CONVERSION = YES_AGGRESSIVE;
				CLANG_CXX_LANGUAGE_STANDARD = "gnu++20";
				CLANG_ENABLE_MODULES = YES;
				CLANG_ENABLE_OBJC_ARC = YES;
				CLANG_ENABLE_OBJC_WEAK = YES;
				CLANG_WARN_BLOCK_CAPTURE_AUTORELEASING = YES;
				CLANG_WARN_BOOL_CONVERSION = YES;
				CLANG_WARN_COMMA = YES;
				CLANG_WARN_CONSTANT_CONVERSION = YES;
				CLANG_WARN_DEPRECATED_OBJC_IMPLEMENTATIONS = YES;
				CLANG_WARN_DIRECT_OBJC_ISA_USAGE = YES_ERROR;
				CLANG_WARN_DOCUMENTATION_COMMENTS = YES;
				CLANG_WARN_EMPTY_BODY = YES;
				CLANG_WARN_ENUM_CONVERSION = YES;
				CLANG_WARN_INFINITE_RECURSION = YES;
				CLANG_WARN_INT_CONVERSION = YES;
				CLANG_WARN_NON_LITERAL_NULL_CONVERSION = YES;
				CLANG_WARN_OBJC_IMPLICIT_RETAIN_SELF = YES;
				CLANG_WARN_OBJC_LITERAL_CONVERSION = YES;
				CLANG_WARN_OBJC_ROOT_CLASS = YES_ERROR;
				CLANG_WARN_QUOTED_INCLUDE_IN_FRAMEWORK_HEADER = YES;
				CLANG_WARN_RANGE_LOOP_ANALYSIS = YES;
				CLANG_WARN_STRICT_PROTOTYPES = YES;
				CLANG_WARN_SUSPICIOUS_MOVE = YES;
				CLANG_WARN_UNGUARDED_AVAILABILITY = YES_AGGRESSIVE;
				CLANG_WARN_UNREACHABLE_CODE = YES;
				CLANG_WARN__DUPLICATE_METHOD_MATCH = YES;
				COPY_PHASE_STRIP = NO;
				DEBUG_INFORMATION_FORMAT = "dwarf-with-dsym";
				ENABLE_NS_ASSERTIONS = NO;
				ENABLE_STRICT_OBJC_MSGSEND = YES;
				ENABLE_USER_SCRIPT_SANDBOXING = YES;
				GCC_C_LANGUAGE_STANDARD = gnu17;
				GCC_NO_COMMON_BLOCKS = YES;
				GCC_WARN_64_TO_32_BIT_CONVERSION = YES;
				GCC_WARN_ABOUT_RETURN_TYPE = YES_ERROR;
				GCC_WARN_UNDECLARED_SELECTOR = YES;
				GCC_WARN_UNINITIALIZED_AUTOS = YES_AGGRESSIVE;
				GCC_WARN_UNUSED_FUNCTION = YES;
				GCC_WARN_UNUSED_VARIABLE = YES;
				IPHONEOS_DEPLOYMENT_TARGET = 17.0;
				LOCALIZATION_PREFERS_STRING_CATALOGS = YES;
				MTL_ENABLE_DEBUG_INFO = NO;
				MTL_FAST_MATH = YES;
				SDKROOT = iphoneos;
				SWIFT_COMPILATION_MODE = wholemodule;
				VALIDATE_PRODUCT = YES;
			};
			name = Release;
		};
		62A954192B6DB8520015DD65 /* Debug */ = {
			isa = XCBuildConfiguration;
			buildSettings = {
				ASSETCATALOG_COMPILER_APPICON_NAME = AppIcon;
				ASSETCATALOG_COMPILER_GLOBAL_ACCENT_COLOR_NAME = AccentColor;
				CODE_SIGN_STYLE = Automatic;
				CURRENT_PROJECT_VERSION = 1;
				DEVELOPMENT_ASSET_PATHS = "\"InventoryTracker/Preview Content\"";
				DEVELOPMENT_TEAM = 6TVT65N354;
				ENABLE_PREVIEWS = YES;
				GENERATE_INFOPLIST_FILE = YES;
				INFOPLIST_FILE = InventoryTracker/Info.plist;
				INFOPLIST_KEY_NSCameraUsageDescription = "This app uses the camera to scan objects";
				INFOPLIST_KEY_UIApplicationSceneManifest_Generation = YES;
				INFOPLIST_KEY_UIApplicationSupportsIndirectInputEvents = YES;
				INFOPLIST_KEY_UILaunchScreen_Generation = YES;
				INFOPLIST_KEY_UISupportedInterfaceOrientations_iPad = "UIInterfaceOrientationPortrait UIInterfaceOrientationPortraitUpsideDown UIInterfaceOrientationLandscapeLeft UIInterfaceOrientationLandscapeRight";
				INFOPLIST_KEY_UISupportedInterfaceOrientations_iPhone = "UIInterfaceOrientationPortrait UIInterfaceOrientationLandscapeLeft UIInterfaceOrientationLandscapeRight";
				LD_RUNPATH_SEARCH_PATHS = (
					"$(inherited)",
					"@executable_path/Frameworks",
				);
				MARKETING_VERSION = 1.0;
				PRODUCT_BUNDLE_IDENTIFIER = com.softtek.InventoryTracker;
				PRODUCT_NAME = "$(TARGET_NAME)";
				SWIFT_EMIT_LOC_STRINGS = YES;
				SWIFT_VERSION = 5.0;
				TARGETED_DEVICE_FAMILY = "1,2";
			};
			name = Debug;
		};
		62A9541A2B6DB8520015DD65 /* Release */ = {
			isa = XCBuildConfiguration;
			buildSettings = {
				ASSETCATALOG_COMPILER_APPICON_NAME = AppIcon;
				ASSETCATALOG_COMPILER_GLOBAL_ACCENT_COLOR_NAME = AccentColor;
				CODE_SIGN_STYLE = Automatic;
				CURRENT_PROJECT_VERSION = 1;
				DEVELOPMENT_ASSET_PATHS = "\"InventoryTracker/Preview Content\"";
				DEVELOPMENT_TEAM = 6TVT65N354;
				ENABLE_PREVIEWS = YES;
				GENERATE_INFOPLIST_FILE = YES;
				INFOPLIST_FILE = InventoryTracker/Info.plist;
				INFOPLIST_KEY_NSCameraUsageDescription = "This app uses the camera to scan objects";
				INFOPLIST_KEY_UIApplicationSceneManifest_Generation = YES;
				INFOPLIST_KEY_UIApplicationSupportsIndirectInputEvents = YES;
				INFOPLIST_KEY_UILaunchScreen_Generation = YES;
				INFOPLIST_KEY_UISupportedInterfaceOrientations_iPad = "UIInterfaceOrientationPortrait UIInterfaceOrientationPortraitUpsideDown UIInterfaceOrientationLandscapeLeft UIInterfaceOrientationLandscapeRight";
				INFOPLIST_KEY_UISupportedInterfaceOrientations_iPhone = "UIInterfaceOrientationPortrait UIInterfaceOrientationLandscapeLeft UIInterfaceOrientationLandscapeRight";
				LD_RUNPATH_SEARCH_PATHS = (
					"$(inherited)",
					"@executable_path/Frameworks",
				);
				MARKETING_VERSION = 1.0;
				PRODUCT_BUNDLE_IDENTIFIER = com.softtek.InventoryTracker;
				PRODUCT_NAME = "$(TARGET_NAME)";
				SWIFT_EMIT_LOC_STRINGS = YES;
				SWIFT_VERSION = 5.0;
				TARGETED_DEVICE_FAMILY = "1,2";
			};
			name = Release;
		};
		62A9541C2B6DB8520015DD65 /* Debug */ = {
			isa = XCBuildConfiguration;
			buildSettings = {
				ALWAYS_EMBED_SWIFT_STANDARD_LIBRARIES = YES;
				BUNDLE_LOADER = "$(TEST_HOST)";
				CODE_SIGN_STYLE = Automatic;
				CURRENT_PROJECT_VERSION = 1;
				GENERATE_INFOPLIST_FILE = YES;
				IPHONEOS_DEPLOYMENT_TARGET = 17.2;
				MARKETING_VERSION = 1.0;
				PRODUCT_BUNDLE_IDENTIFIER = com.softtek.InventoryTrackerTests;
				PRODUCT_NAME = "$(TARGET_NAME)";
				SWIFT_EMIT_LOC_STRINGS = NO;
				SWIFT_VERSION = 5.0;
				TARGETED_DEVICE_FAMILY = "1,2";
				TEST_HOST = "$(BUILT_PRODUCTS_DIR)/InventoryTracker.app/$(BUNDLE_EXECUTABLE_FOLDER_PATH)/InventoryTracker";
			};
			name = Debug;
		};
		62A9541D2B6DB8520015DD65 /* Release */ = {
			isa = XCBuildConfiguration;
			buildSettings = {
				ALWAYS_EMBED_SWIFT_STANDARD_LIBRARIES = YES;
				BUNDLE_LOADER = "$(TEST_HOST)";
				CODE_SIGN_STYLE = Automatic;
				CURRENT_PROJECT_VERSION = 1;
				GENERATE_INFOPLIST_FILE = YES;
				IPHONEOS_DEPLOYMENT_TARGET = 17.2;
				MARKETING_VERSION = 1.0;
				PRODUCT_BUNDLE_IDENTIFIER = com.softtek.InventoryTrackerTests;
				PRODUCT_NAME = "$(TARGET_NAME)";
				SWIFT_EMIT_LOC_STRINGS = NO;
				SWIFT_VERSION = 5.0;
				TARGETED_DEVICE_FAMILY = "1,2";
				TEST_HOST = "$(BUILT_PRODUCTS_DIR)/InventoryTracker.app/$(BUNDLE_EXECUTABLE_FOLDER_PATH)/InventoryTracker";
			};
			name = Release;
		};
		62A9541F2B6DB8520015DD65 /* Debug */ = {
			isa = XCBuildConfiguration;
			buildSettings = {
				ALWAYS_EMBED_SWIFT_STANDARD_LIBRARIES = YES;
				CODE_SIGN_STYLE = Automatic;
				CURRENT_PROJECT_VERSION = 1;
				GENERATE_INFOPLIST_FILE = YES;
				MARKETING_VERSION = 1.0;
				PRODUCT_BUNDLE_IDENTIFIER = com.softtek.InventoryTrackerUITests;
				PRODUCT_NAME = "$(TARGET_NAME)";
				SWIFT_EMIT_LOC_STRINGS = NO;
				SWIFT_VERSION = 5.0;
				TARGETED_DEVICE_FAMILY = "1,2";
				TEST_TARGET_NAME = InventoryTracker;
			};
			name = Debug;
		};
		62A954202B6DB8520015DD65 /* Release */ = {
			isa = XCBuildConfiguration;
			buildSettings = {
				ALWAYS_EMBED_SWIFT_STANDARD_LIBRARIES = YES;
				CODE_SIGN_STYLE = Automatic;
				CURRENT_PROJECT_VERSION = 1;
				GENERATE_INFOPLIST_FILE = YES;
				MARKETING_VERSION = 1.0;
				PRODUCT_BUNDLE_IDENTIFIER = com.softtek.InventoryTrackerUITests;
				PRODUCT_NAME = "$(TARGET_NAME)";
				SWIFT_EMIT_LOC_STRINGS = NO;
				SWIFT_VERSION = 5.0;
				TARGETED_DEVICE_FAMILY = "1,2";
				TEST_TARGET_NAME = InventoryTracker;
			};
			name = Release;
		};
		62A954402B6DB8820015DD65 /* Debug */ = {
			isa = XCBuildConfiguration;
			buildSettings = {
				ASSETCATALOG_COMPILER_APPICON_NAME = AppIcon;
				ASSETCATALOG_COMPILER_GLOBAL_ACCENT_COLOR_NAME = AccentColor;
				CODE_SIGN_STYLE = Automatic;
				CURRENT_PROJECT_VERSION = 1;
				DEVELOPMENT_ASSET_PATHS = "\"InventoryTrackerVision/Preview Content\"";
				DEVELOPMENT_TEAM = 6TVT65N354;
				ENABLE_PREVIEWS = YES;
				GENERATE_INFOPLIST_FILE = YES;
				INFOPLIST_FILE = "$(TARGET_NAME)/Info.plist";
				LD_RUNPATH_SEARCH_PATHS = (
					"$(inherited)",
					"@executable_path/Frameworks",
				);
				MARKETING_VERSION = 1.0;
				PRODUCT_BUNDLE_IDENTIFIER = com.softtek.InventoryTrackerVision;
				PRODUCT_NAME = "$(TARGET_NAME)";
				SDKROOT = xros;
				SUPPORTED_PLATFORMS = "xros xrsimulator";
				SWIFT_EMIT_LOC_STRINGS = YES;
				SWIFT_VERSION = 5.0;
				TARGETED_DEVICE_FAMILY = "1,2,7";
				XROS_DEPLOYMENT_TARGET = 1.0;
			};
			name = Debug;
		};
		62A954412B6DB8820015DD65 /* Release */ = {
			isa = XCBuildConfiguration;
			buildSettings = {
				ASSETCATALOG_COMPILER_APPICON_NAME = AppIcon;
				ASSETCATALOG_COMPILER_GLOBAL_ACCENT_COLOR_NAME = AccentColor;
				CODE_SIGN_STYLE = Automatic;
				CURRENT_PROJECT_VERSION = 1;
				DEVELOPMENT_ASSET_PATHS = "\"InventoryTrackerVision/Preview Content\"";
				DEVELOPMENT_TEAM = 6TVT65N354;
				ENABLE_PREVIEWS = YES;
				GENERATE_INFOPLIST_FILE = YES;
				INFOPLIST_FILE = "$(TARGET_NAME)/Info.plist";
				LD_RUNPATH_SEARCH_PATHS = (
					"$(inherited)",
					"@executable_path/Frameworks",
				);
				MARKETING_VERSION = 1.0;
				PRODUCT_BUNDLE_IDENTIFIER = com.softtek.InventoryTrackerVision;
				PRODUCT_NAME = "$(TARGET_NAME)";
				SDKROOT = xros;
				SUPPORTED_PLATFORMS = "xros xrsimulator";
				SWIFT_EMIT_LOC_STRINGS = YES;
				SWIFT_VERSION = 5.0;
				TARGETED_DEVICE_FAMILY = "1,2,7";
				XROS_DEPLOYMENT_TARGET = 1.0;
			};
			name = Release;
		};
		62A954432B6DB8820015DD65 /* Debug */ = {
			isa = XCBuildConfiguration;
			buildSettings = {
				ALWAYS_EMBED_SWIFT_STANDARD_LIBRARIES = YES;
				BUNDLE_LOADER = "$(TEST_HOST)";
				CODE_SIGN_STYLE = Automatic;
				CURRENT_PROJECT_VERSION = 1;
				GENERATE_INFOPLIST_FILE = YES;
				MARKETING_VERSION = 1.0;
				PRODUCT_BUNDLE_IDENTIFIER = com.softtek.InventoryTrackerVisionTests;
				PRODUCT_NAME = "$(TARGET_NAME)";
				SDKROOT = xros;
				SUPPORTED_PLATFORMS = "xros xrsimulator";
				SWIFT_EMIT_LOC_STRINGS = NO;
				SWIFT_VERSION = 5.0;
				TARGETED_DEVICE_FAMILY = "1,2,7";
				TEST_HOST = "$(BUILT_PRODUCTS_DIR)/InventoryTrackerVision.app/$(BUNDLE_EXECUTABLE_FOLDER_PATH)/InventoryTrackerVision";
				XROS_DEPLOYMENT_TARGET = 1.0;
			};
			name = Debug;
		};
		62A954442B6DB8820015DD65 /* Release */ = {
			isa = XCBuildConfiguration;
			buildSettings = {
				ALWAYS_EMBED_SWIFT_STANDARD_LIBRARIES = YES;
				BUNDLE_LOADER = "$(TEST_HOST)";
				CODE_SIGN_STYLE = Automatic;
				CURRENT_PROJECT_VERSION = 1;
				GENERATE_INFOPLIST_FILE = YES;
				MARKETING_VERSION = 1.0;
				PRODUCT_BUNDLE_IDENTIFIER = com.softtek.InventoryTrackerVisionTests;
				PRODUCT_NAME = "$(TARGET_NAME)";
				SDKROOT = xros;
				SUPPORTED_PLATFORMS = "xros xrsimulator";
				SWIFT_EMIT_LOC_STRINGS = NO;
				SWIFT_VERSION = 5.0;
				TARGETED_DEVICE_FAMILY = "1,2,7";
				TEST_HOST = "$(BUILT_PRODUCTS_DIR)/InventoryTrackerVision.app/$(BUNDLE_EXECUTABLE_FOLDER_PATH)/InventoryTrackerVision";
				XROS_DEPLOYMENT_TARGET = 1.0;
			};
			name = Release;
		};
/* End XCBuildConfiguration section */

/* Begin XCConfigurationList section */
		62A953ED2B6DB8510015DD65 /* Build configuration list for PBXProject "InventoryTracker" */ = {
			isa = XCConfigurationList;
			buildConfigurations = (
				62A954162B6DB8520015DD65 /* Debug */,
				62A954172B6DB8520015DD65 /* Release */,
			);
			defaultConfigurationIsVisible = 0;
			defaultConfigurationName = Release;
		};
		62A954182B6DB8520015DD65 /* Build configuration list for PBXNativeTarget "InventoryTracker" */ = {
			isa = XCConfigurationList;
			buildConfigurations = (
				62A954192B6DB8520015DD65 /* Debug */,
				62A9541A2B6DB8520015DD65 /* Release */,
			);
			defaultConfigurationIsVisible = 0;
			defaultConfigurationName = Release;
		};
		62A9541B2B6DB8520015DD65 /* Build configuration list for PBXNativeTarget "InventoryTrackerTests" */ = {
			isa = XCConfigurationList;
			buildConfigurations = (
				62A9541C2B6DB8520015DD65 /* Debug */,
				62A9541D2B6DB8520015DD65 /* Release */,
			);
			defaultConfigurationIsVisible = 0;
			defaultConfigurationName = Release;
		};
		62A9541E2B6DB8520015DD65 /* Build configuration list for PBXNativeTarget "InventoryTrackerUITests" */ = {
			isa = XCConfigurationList;
			buildConfigurations = (
				62A9541F2B6DB8520015DD65 /* Debug */,
				62A954202B6DB8520015DD65 /* Release */,
			);
			defaultConfigurationIsVisible = 0;
			defaultConfigurationName = Release;
		};
		62A9543F2B6DB8820015DD65 /* Build configuration list for PBXNativeTarget "InventoryTrackerVision" */ = {
			isa = XCConfigurationList;
			buildConfigurations = (
				62A954402B6DB8820015DD65 /* Debug */,
				62A954412B6DB8820015DD65 /* Release */,
			);
			defaultConfigurationIsVisible = 0;
			defaultConfigurationName = Release;
		};
		62A954422B6DB8820015DD65 /* Build configuration list for PBXNativeTarget "InventoryTrackerVisionTests" */ = {
			isa = XCConfigurationList;
			buildConfigurations = (
				62A954432B6DB8820015DD65 /* Debug */,
				62A954442B6DB8820015DD65 /* Release */,
			);
			defaultConfigurationIsVisible = 0;
			defaultConfigurationName = Release;
		};
/* End XCConfigurationList section */

/* Begin XCRemoteSwiftPackageReference section */
		624721D22B719E0A00E42968 /* XCRemoteSwiftPackageReference "USDZScanner" */ = {
			isa = XCRemoteSwiftPackageReference;
			repositoryURL = "https://github.com/alfianlosari/USDZScanner";
			requirement = {
				kind = upToNextMajorVersion;
				minimumVersion = 0.2.0;
			};
		};
		62A954452B6DB98C0015DD65 /* XCRemoteSwiftPackageReference "firebase-ios-sdk" */ = {
			isa = XCRemoteSwiftPackageReference;
			repositoryURL = "https://github.com/firebase/firebase-ios-sdk";
			requirement = {
				kind = exactVersion;
				version = 10.20.0;
			};
		};
/* End XCRemoteSwiftPackageReference section */

/* Begin XCSwiftPackageProductDependency section */
		62181E4A2B6DFB8C00974876 /* FirebaseFirestore */ = {
			isa = XCSwiftPackageProductDependency;
			package = 62A954452B6DB98C0015DD65 /* XCRemoteSwiftPackageReference "firebase-ios-sdk" */;
			productName = FirebaseFirestore;
		};
		62181E4C2B6DFB8C00974876 /* FirebaseFirestoreSwift */ = {
			isa = XCSwiftPackageProductDependency;
			package = 62A954452B6DB98C0015DD65 /* XCRemoteSwiftPackageReference "firebase-ios-sdk" */;
			productName = FirebaseFirestoreSwift;
		};
		62181E4E2B6DFB8C00974876 /* FirebaseStorage */ = {
			isa = XCSwiftPackageProductDependency;
			package = 62A954452B6DB98C0015DD65 /* XCRemoteSwiftPackageReference "firebase-ios-sdk" */;
			productName = FirebaseStorage;
		};
		624721D32B719E0A00E42968 /* USDZScanner */ = {
			isa = XCSwiftPackageProductDependency;
			package = 624721D22B719E0A00E42968 /* XCRemoteSwiftPackageReference "USDZScanner" */;
			productName = USDZScanner;
		};
		62A954292B6DB8810015DD65 /* RealityKitContent */ = {
			isa = XCSwiftPackageProductDependency;
			productName = RealityKitContent;
		};
		62A954472B6DB9AF0015DD65 /* FirebaseFirestore */ = {
			isa = XCSwiftPackageProductDependency;
			package = 62A954452B6DB98C0015DD65 /* XCRemoteSwiftPackageReference "firebase-ios-sdk" */;
			productName = FirebaseFirestore;
		};
		62A954492B6DB9D20015DD65 /* FirebaseStorage */ = {
			isa = XCSwiftPackageProductDependency;
			package = 62A954452B6DB98C0015DD65 /* XCRemoteSwiftPackageReference "firebase-ios-sdk" */;
			productName = FirebaseStorage;
		};
		62A9544B2B6DB9D80015DD65 /* FirebaseFirestoreSwift */ = {
			isa = XCSwiftPackageProductDependency;
			package = 62A954452B6DB98C0015DD65 /* XCRemoteSwiftPackageReference "firebase-ios-sdk" */;
			productName = FirebaseFirestoreSwift;
		};
/* End XCSwiftPackageProductDependency section */
	};
	rootObject = 62A953EA2B6DB8510015DD65 /* Project object */;
}
